
Microsoft Visual Studio Solution File, Format Version 12.00
# Visual Studio Version 17
VisualStudioVersion = 17.9.34728.123
MinimumVisualStudioVersion = 10.0.40219.1
Project("{FAE04EC0-301F-11D3-BF4B-00C04F79EFBC}") = "prakt5_zykova", "prakt5_zykova\prakt5_zykova.csproj", "{5942CAD3-BC45-4C57-A332-04A0554F8C56}"
EndProject
Global
	GlobalSection(SolutionConfigurationPlatforms) = preSolution
		Debug|Any CPU = Debug|Any CPU
		Release|Any CPU = Release|Any CPU
	EndGlobalSection
	GlobalSection(ProjectConfigurationPlatforms) = postSolution
		{5942CAD3-BC45-4C57-A332-04A0554F8C56}.Debug|Any CPU.ActiveCfg = Debug|Any CPU
		{5942CAD3-BC45-4C57-A332-04A0554F8C56}.Debug|Any CPU.Build.0 = Debug|Any CPU
		{5942CAD3-BC45-4C57-A332-04A0554F8C56}.Release|Any CPU.ActiveCfg = Release|Any CPU
		{5942CAD3-BC45-4C57-A332-04A0554F8C56}.Release|Any CPU.Build.0 = Release|Any CPU
	EndGlobalSection
	GlobalSection(SolutionProperties) = preSolution
		HideSolutionNode = FALSE
	EndGlobalSection
	GlobalSection(ExtensibilityGlobals) = postSolution
		SolutionGuid = {5B5D26E2-B156-4BA4-9739-CEC8378E5B09}
	EndGlobalSection
EndGlobal
